
Microsoft Visual Studio Solution File, Format Version 12.00
# Visual Studio Version 17
VisualStudioVersion = 17.2.32602.215
MinimumVisualStudioVersion = 10.0.40219.1
Project("{FAE04EC0-301F-11D3-BF4B-00C04F79EFBC}") = "BilibiliVideoDecode", "BilibiliVideoDecode\BilibiliVideoDecode.csproj", "{CEFCF65B-F883-4425-A198-F1497C65C1B8}"
EndProject
Global
	GlobalSection(SolutionConfigurationPlatforms) = preSolution
		Debug|Any CPU = Debug|Any CPU
		Release|Any CPU = Release|Any CPU
	EndGlobalSection
	GlobalSection(ProjectConfigurationPlatforms) = postSolution
		{CEFCF65B-F883-4425-A198-F1497C65C1B8}.Debug|Any CPU.ActiveCfg = Debug|Any CPU
		{CEFCF65B-F883-4425-A198-F1497C65C1B8}.Debug|Any CPU.Build.0 = Debug|Any CPU
		{CEFCF65B-F883-4425-A198-F1497C65C1B8}.Release|Any CPU.ActiveCfg = Release|Any CPU
		{CEFCF65B-F883-4425-A198-F1497C65C1B8}.Release|Any CPU.Build.0 = Release|Any CPU
	EndGlobalSection
	GlobalSection(SolutionProperties) = preSolution
		HideSolutionNode = FALSE
	EndGlobalSection
	GlobalSection(ExtensibilityGlobals) = postSolution
		SolutionGuid = {3D7F71EA-B159-4107-A92F-621AE1579EB5}
	EndGlobalSection
EndGlobal
